
Microsoft Visual Studio Solution File, Format Version 12.00
# Visual Studio Version 16
VisualStudioVersion = 16.0.32413.511
MinimumVisualStudioVersion = 10.0.40219.1
Project("{8BC9CEB8-8B4A-11D0-8D11-00A0C91BC942}") = "Loader", "Loader\Loader.vcxproj", "{FB6C56EB-93C9-44BA-8705-125C9F7DBD45}"
EndProject
Project("{8BC9CEB8-8B4A-11D0-8D11-00A0C91BC942}") = "py3-win7-dll", "py3-win7-dll\py3-win7-dll.vcxproj", "{65A6750A-6158-41EE-8071-37E04BDAA5E6}"
EndProject
Global
	GlobalSection(SolutionConfigurationPlatforms) = preSolution
		Debug|x64 = Debug|x64
		Debug|x86 = Debug|x86
		Release|x64 = Release|x64
		Release|x86 = Release|x86
	EndGlobalSection
	GlobalSection(ProjectConfigurationPlatforms) = postSolution
		{FB6C56EB-93C9-44BA-8705-125C9F7DBD45}.Debug|x64.ActiveCfg = Debug|x64
		{FB6C56EB-93C9-44BA-8705-125C9F7DBD45}.Debug|x64.Build.0 = Debug|x64
		{FB6C56EB-93C9-44BA-8705-125C9F7DBD45}.Debug|x86.ActiveCfg = Debug|Win32
		{FB6C56EB-93C9-44BA-8705-125C9F7DBD45}.Debug|x86.Build.0 = Debug|Win32
		{FB6C56EB-93C9-44BA-8705-125C9F7DBD45}.Release|x64.ActiveCfg = Release|x64
		{FB6C56EB-93C9-44BA-8705-125C9F7DBD45}.Release|x64.Build.0 = Release|x64
		{FB6C56EB-93C9-44BA-8705-125C9F7DBD45}.Release|x86.ActiveCfg = Release|Win32
		{FB6C56EB-93C9-44BA-8705-125C9F7DBD45}.Release|x86.Build.0 = Release|Win32
		{65A6750A-6158-41EE-8071-37E04BDAA5E6}.Debug|x64.ActiveCfg = Debug|x64
		{65A6750A-6158-41EE-8071-37E04BDAA5E6}.Debug|x64.Build.0 = Debug|x64
		{65A6750A-6158-41EE-8071-37E04BDAA5E6}.Debug|x86.ActiveCfg = Debug|Win32
		{65A6750A-6158-41EE-8071-37E04BDAA5E6}.Debug|x86.Build.0 = Debug|Win32
		{65A6750A-6158-41EE-8071-37E04BDAA5E6}.Release|x64.ActiveCfg = Release|x64
		{65A6750A-6158-41EE-8071-37E04BDAA5E6}.Release|x64.Build.0 = Release|x64
		{65A6750A-6158-41EE-8071-37E04BDAA5E6}.Release|x86.ActiveCfg = Release|Win32
		{65A6750A-6158-41EE-8071-37E04BDAA5E6}.Release|x86.Build.0 = Release|Win32
	EndGlobalSection
	GlobalSection(SolutionProperties) = preSolution
		HideSolutionNode = FALSE
	EndGlobalSection
	GlobalSection(ExtensibilityGlobals) = postSolution
		SolutionGuid = {33B15A58-C9D9-4BF3-8D0B-7CE45DB6B760}
	EndGlobalSection
EndGlobal
